// !$*UTF8*$!
{
	archiveVersion = 1;
	classes = {
	};
	objectVersion = 50;
	objects = {

/* Begin PBXBuildFile section */
		2D2C30AC2334742F0056E216 /* Product.swift in Sources */ = {isa = PBXBuildFile; fileRef = 2D2C30AB2334742F0056E216 /* Product.swift */; };
		2D2C30AE233474A50056E216 /* Service.swift in Sources */ = {isa = PBXBuildFile; fileRef = 2D2C30AD233474A50056E216 /* Service.swift */; };
		2D42ECF823332E3E00873C1C /* question-mark.png in Resources */ = {isa = PBXBuildFile; fileRef = 2D42ECF723332E3E00873C1C /* question-mark.png */; };
		2D8CA5D52336A4CB008DAC14 /* GameController.swift in Sources */ = {isa = PBXBuildFile; fileRef = 2D8CA5D42336A4CB008DAC14 /* GameController.swift */; };
		2D8CA5D72336A550008DAC14 /* Card.swift in Sources */ = {isa = PBXBuildFile; fileRef = 2D8CA5D62336A550008DAC14 /* Card.swift */; };
		2D90B2322331DDB100E74F36 /* Colors.swift in Sources */ = {isa = PBXBuildFile; fileRef = 2D90B2312331DDB100E74F36 /* Colors.swift */; };
		2DD4EA8023288C0600B11F90 /* AppDelegate.swift in Sources */ = {isa = PBXBuildFile; fileRef = 2DD4EA7F23288C0600B11F90 /* AppDelegate.swift */; };
		2DD4EA8223288C0600B11F90 /* ViewController.swift in Sources */ = {isa = PBXBuildFile; fileRef = 2DD4EA8123288C0600B11F90 /* ViewController.swift */; };
		2DD4EA8523288C0600B11F90 /* Main.storyboard in Resources */ = {isa = PBXBuildFile; fileRef = 2DD4EA8323288C0600B11F90 /* Main.storyboard */; };
		2DD4EA8823288C0600B11F90 /* ShopifyChallenge.xcdatamodeld in Sources */ = {isa = PBXBuildFile; fileRef = 2DD4EA8623288C0600B11F90 /* ShopifyChallenge.xcdatamodeld */; };
		2DD4EA8A23288C0700B11F90 /* Assets.xcassets in Resources */ = {isa = PBXBuildFile; fileRef = 2DD4EA8923288C0700B11F90 /* Assets.xcassets */; };
		2DD4EA8D23288C0700B11F90 /* LaunchScreen.storyboard in Resources */ = {isa = PBXBuildFile; fileRef = 2DD4EA8B23288C0700B11F90 /* LaunchScreen.storyboard */; };
		2DE6EB1E23307FA3000383C5 /* CardButton.swift in Sources */ = {isa = PBXBuildFile; fileRef = 2DE6EB1D23307FA3000383C5 /* CardButton.swift */; };
		2DE7E58523380AD700D5A5AF /* UIViewExtension.swift in Sources */ = {isa = PBXBuildFile; fileRef = 2DE7E58423380AD700D5A5AF /* UIViewExtension.swift */; };
		2DE7E58723380FF600D5A5AF /* ScoreViewController.swift in Sources */ = {isa = PBXBuildFile; fileRef = 2DE7E58623380FF600D5A5AF /* ScoreViewController.swift */; };
		2DE7E5892338415500D5A5AF /* settings-icon.png in Resources */ = {isa = PBXBuildFile; fileRef = 2DE7E5882338415500D5A5AF /* settings-icon.png */; };
		2DE7E58B2338434C00D5A5AF /* SettingsViewController.swift in Sources */ = {isa = PBXBuildFile; fileRef = 2DE7E58A2338434C00D5A5AF /* SettingsViewController.swift */; };
/* End PBXBuildFile section */

/* Begin PBXFileReference section */
		2D2C30AB2334742F0056E216 /* Product.swift */ = {isa = PBXFileReference; lastKnownFileType = sourcecode.swift; path = Product.swift; sourceTree = "<group>"; };
		2D2C30AD233474A50056E216 /* Service.swift */ = {isa = PBXFileReference; lastKnownFileType = sourcecode.swift; path = Service.swift; sourceTree = "<group>"; };
		2D42ECF723332E3E00873C1C /* question-mark.png */ = {isa = PBXFileReference; lastKnownFileType = image.png; path = "question-mark.png"; sourceTree = "<group>"; };
		2D8CA5D42336A4CB008DAC14 /* GameController.swift */ = {isa = PBXFileReference; lastKnownFileType = sourcecode.swift; path = GameController.swift; sourceTree = "<group>"; };
		2D8CA5D62336A550008DAC14 /* Card.swift */ = {isa = PBXFileReference; lastKnownFileType = sourcecode.swift; path = Card.swift; sourceTree = "<group>"; };
		2D90B2312331DDB100E74F36 /* Colors.swift */ = {isa = PBXFileReference; lastKnownFileType = sourcecode.swift; path = Colors.swift; sourceTree = "<group>"; };
		2DD4EA7C23288C0600B11F90 /* ShopifyChallenge.app */ = {isa = PBXFileReference; explicitFileType = wrapper.application; includeInIndex = 0; path = ShopifyChallenge.app; sourceTree = BUILT_PRODUCTS_DIR; };
		2DD4EA7F23288C0600B11F90 /* AppDelegate.swift */ = {isa = PBXFileReference; lastKnownFileType = sourcecode.swift; path = AppDelegate.swift; sourceTree = "<group>"; };
		2DD4EA8123288C0600B11F90 /* ViewController.swift */ = {isa = PBXFileReference; lastKnownFileType = sourcecode.swift; path = ViewController.swift; sourceTree = "<group>"; };
		2DD4EA8423288C0600B11F90 /* Base */ = {isa = PBXFileReference; lastKnownFileType = file.storyboard; name = Base; path = Base.lproj/Main.storyboard; sourceTree = "<group>"; };
		2DD4EA8723288C0600B11F90 /* ShopifyChallenge.xcdatamodel */ = {isa = PBXFileReference; lastKnownFileType = wrapper.xcdatamodel; path = ShopifyChallenge.xcdatamodel; sourceTree = "<group>"; };
		2DD4EA8923288C0700B11F90 /* Assets.xcassets */ = {isa = PBXFileReference; lastKnownFileType = folder.assetcatalog; path = Assets.xcassets; sourceTree = "<group>"; };
		2DD4EA8C23288C0700B11F90 /* Base */ = {isa = PBXFileReference; lastKnownFileType = file.storyboard; name = Base; path = Base.lproj/LaunchScreen.storyboard; sourceTree = "<group>"; };
		2DD4EA8E23288C0700B11F90 /* Info.plist */ = {isa = PBXFileReference; lastKnownFileType = text.plist.xml; path = Info.plist; sourceTree = "<group>"; };
		2DE6EB1D23307FA3000383C5 /* CardButton.swift */ = {isa = PBXFileReference; lastKnownFileType = sourcecode.swift; path = CardButton.swift; sourceTree = "<group>"; };
		2DE7E58423380AD700D5A5AF /* UIViewExtension.swift */ = {isa = PBXFileReference; lastKnownFileType = sourcecode.swift; path = UIViewExtension.swift; sourceTree = "<group>"; };
		2DE7E58623380FF600D5A5AF /* ScoreViewController.swift */ = {isa = PBXFileReference; lastKnownFileType = sourcecode.swift; path = ScoreViewController.swift; sourceTree = "<group>"; };
		2DE7E5882338415500D5A5AF /* settings-icon.png */ = {isa = PBXFileReference; lastKnownFileType = image.png; path = "settings-icon.png"; sourceTree = "<group>"; };
		2DE7E58A2338434C00D5A5AF /* SettingsViewController.swift */ = {isa = PBXFileReference; lastKnownFileType = sourcecode.swift; path = SettingsViewController.swift; sourceTree = "<group>"; };
/* End PBXFileReference section */

/* Begin PBXFrameworksBuildPhase section */
		2DD4EA7923288C0500B11F90 /* Frameworks */ = {
			isa = PBXFrameworksBuildPhase;
			buildActionMask = 2147483647;
			files = (
			);
			runOnlyForDeploymentPostprocessing = 0;
		};
/* End PBXFrameworksBuildPhase section */

/* Begin PBXGroup section */
		2DD4EA7323288C0500B11F90 = {
			isa = PBXGroup;
			children = (
				2DD4EA7E23288C0600B11F90 /* ShopifyChallenge */,
				2DD4EA7D23288C0600B11F90 /* Products */,
			);
			sourceTree = "<group>";
		};
		2DD4EA7D23288C0600B11F90 /* Products */ = {
			isa = PBXGroup;
			children = (
				2DD4EA7C23288C0600B11F90 /* ShopifyChallenge.app */,
			);
			name = Products;
			sourceTree = "<group>";
		};
		2DD4EA7E23288C0600B11F90 /* ShopifyChallenge */ = {
			isa = PBXGroup;
			children = (
				2DD4EA7F23288C0600B11F90 /* AppDelegate.swift */,
				2D8CA5D62336A550008DAC14 /* Card.swift */,
				2DE6EB1D23307FA3000383C5 /* CardButton.swift */,
				2D90B2312331DDB100E74F36 /* Colors.swift */,
				2D8CA5D42336A4CB008DAC14 /* GameController.swift */,
				2DD4EA8123288C0600B11F90 /* ViewController.swift */,
				2DE7E58A2338434C00D5A5AF /* SettingsViewController.swift */,
				2DE7E58623380FF600D5A5AF /* ScoreViewController.swift */,
				2DE7E58423380AD700D5A5AF /* UIViewExtension.swift */,
				2D2C30AB2334742F0056E216 /* Product.swift */,
				2D2C30AD233474A50056E216 /* Service.swift */,
				2DD4EA8323288C0600B11F90 /* Main.storyboard */,
				2DD4EA8923288C0700B11F90 /* Assets.xcassets */,
				2D42ECF723332E3E00873C1C /* question-mark.png */,
				2DE7E5882338415500D5A5AF /* settings-icon.png */,
				2DD4EA8B23288C0700B11F90 /* LaunchScreen.storyboard */,
				2DD4EA8E23288C0700B11F90 /* Info.plist */,
				2DD4EA8623288C0600B11F90 /* ShopifyChallenge.xcdatamodeld */,
			);
			path = ShopifyChallenge;
			sourceTree = "<group>";
		};
/* End PBXGroup section */

/* Begin PBXNativeTarget section */
		2DD4EA7B23288C0500B11F90 /* ShopifyChallenge */ = {
			isa = PBXNativeTarget;
			buildConfigurationList = 2DD4EA9123288C0700B11F90 /* Build configuration list for PBXNativeTarget "ShopifyChallenge" */;
			buildPhases = (
				2DD4EA7823288C0500B11F90 /* Sources */,
				2DD4EA7923288C0500B11F90 /* Frameworks */,
				2DD4EA7A23288C0500B11F90 /* Resources */,
			);
			buildRules = (
			);
			dependencies = (
			);
			name = ShopifyChallenge;
			productName = ShopifyChallenge;
			productReference = 2DD4EA7C23288C0600B11F90 /* ShopifyChallenge.app */;
			productType = "com.apple.product-type.application";
		};
/* End PBXNativeTarget section */

/* Begin PBXProject section */
		2DD4EA7423288C0500B11F90 /* Project object */ = {
			isa = PBXProject;
			attributes = {
				LastSwiftUpdateCheck = 1020;
				LastUpgradeCheck = 1020;
				ORGANIZATIONNAME = "Volodymyr Klymenko";
				TargetAttributes = {
					2DD4EA7B23288C0500B11F90 = {
						CreatedOnToolsVersion = 10.2.1;
					};
				};
			};
			buildConfigurationList = 2DD4EA7723288C0500B11F90 /* Build configuration list for PBXProject "ShopifyChallenge" */;
			compatibilityVersion = "Xcode 9.3";
			developmentRegion = en;
			hasScannedForEncodings = 0;
			knownRegions = (
				en,
				Base,
			);
			mainGroup = 2DD4EA7323288C0500B11F90;
			productRefGroup = 2DD4EA7D23288C0600B11F90 /* Products */;
			projectDirPath = "";
			projectRoot = "";
			targets = (
				2DD4EA7B23288C0500B11F90 /* ShopifyChallenge */,
			);
		};
/* End PBXProject section */

/* Begin PBXResourcesBuildPhase section */
		2DD4EA7A23288C0500B11F90 /* Resources */ = {
			isa = PBXResourcesBuildPhase;
			buildActionMask = 2147483647;
			files = (
				2D42ECF823332E3E00873C1C /* question-mark.png in Resources */,
				2DD4EA8D23288C0700B11F90 /* LaunchScreen.storyboard in Resources */,
				2DD4EA8A23288C0700B11F90 /* Assets.xcassets in Resources */,
				2DE7E5892338415500D5A5AF /* settings-icon.png in Resources */,
				2DD4EA8523288C0600B11F90 /* Main.storyboard in Resources */,
			);
			runOnlyForDeploymentPostprocessing = 0;
		};
/* End PBXResourcesBuildPhase section */

/* Begin PBXSourcesBuildPhase section */
		2DD4EA7823288C0500B11F90 /* Sources */ = {
			isa = PBXSourcesBuildPhase;
			buildActionMask = 2147483647;
			files = (
				2DE7E58523380AD700D5A5AF /* UIViewExtension.swift in Sources */,
				2DE7E58723380FF600D5A5AF /* ScoreViewController.swift in Sources */,
				2DD4EA8223288C0600B11F90 /* ViewController.swift in Sources */,
				2D8CA5D72336A550008DAC14 /* Card.swift in Sources */,
				2D2C30AE233474A50056E216 /* Service.swift in Sources */,
				2D90B2322331DDB100E74F36 /* Colors.swift in Sources */,
				2DE6EB1E23307FA3000383C5 /* CardButton.swift in Sources */,
				2DD4EA8823288C0600B11F90 /* ShopifyChallenge.xcdatamodeld in Sources */,
				2D8CA5D52336A4CB008DAC14 /* GameController.swift in Sources */,
				2DD4EA8023288C0600B11F90 /* AppDelegate.swift in Sources */,
				2D2C30AC2334742F0056E216 /* Product.swift in Sources */,
				2DE7E58B2338434C00D5A5AF /* SettingsViewController.swift in Sources */,
			);
			runOnlyForDeploymentPostprocessing = 0;
		};
/* End PBXSourcesBuildPhase section */

/* Begin PBXVariantGroup section */
		2DD4EA8323288C0600B11F90 /* Main.storyboard */ = {
			isa = PBXVariantGroup;
			children = (
				2DD4EA8423288C0600B11F90 /* Base */,
			);
			name = Main.storyboard;
			sourceTree = "<group>";
		};
		2DD4EA8B23288C0700B11F90 /* LaunchScreen.storyboard */ = {
			isa = PBXVariantGroup;
			children = (
				2DD4EA8C23288C0700B11F90 /* Base */,
			);
			name = LaunchScreen.storyboard;
			sourceTree = "<group>";
		};
/* End PBXVariantGroup section */

/* Begin XCBuildConfiguration section */
		2DD4EA8F23288C0700B11F90 /* Debug */ = {
			isa = XCBuildConfiguration;
			buildSettings = {
				ALWAYS_SEARCH_USER_PATHS = NO;
				CLANG_ANALYZER_NONNULL = YES;
				CLANG_ANALYZER_NUMBER_OBJECT_CONVERSION = YES_AGGRESSIVE;
				CLANG_CXX_LANGUAGE_STANDARD = "gnu++14";
				CLANG_CXX_LIBRARY = "libc++";
				CLANG_ENABLE_MODULES = YES;
				CLANG_ENABLE_OBJC_ARC = YES;
				CLANG_ENABLE_OBJC_WEAK = YES;
				CLANG_WARN_BLOCK_CAPTURE_AUTORELEASING = YES;
				CLANG_WARN_BOOL_CONVERSION = YES;
				CLANG_WARN_COMMA = YES;
				CLANG_WARN_CONSTANT_CONVERSION = YES;
				CLANG_WARN_DEPRECATED_OBJC_IMPLEMENTATIONS = YES;
				CLANG_WARN_DIRECT_OBJC_ISA_USAGE = YES_ERROR;
				CLANG_WARN_DOCUMENTATION_COMMENTS = YES;
				CLANG_WARN_EMPTY_BODY = YES;
				CLANG_WARN_ENUM_CONVERSION = YES;
				CLANG_WARN_INFINITE_RECURSION = YES;
				CLANG_WARN_INT_CONVERSION = YES;
				CLANG_WARN_NON_LITERAL_NULL_CONVERSION = YES;
				CLANG_WARN_OBJC_IMPLICIT_RETAIN_SELF = YES;
				CLANG_WARN_OBJC_LITERAL_CONVERSION = YES;
				CLANG_WARN_OBJC_ROOT_CLASS = YES_ERROR;
				CLANG_WARN_RANGE_LOOP_ANALYSIS = YES;
				CLANG_WARN_STRICT_PROTOTYPES = YES;
				CLANG_WARN_SUSPICIOUS_MOVE = YES;
				CLANG_WARN_UNGUARDED_AVAILABILITY = YES_AGGRESSIVE;
				CLANG_WARN_UNREACHABLE_CODE = YES;
				CLANG_WARN__DUPLICATE_METHOD_MATCH = YES;
				CODE_SIGN_IDENTITY = "iPhone Developer";
				COPY_PHASE_STRIP = NO;
				DEBUG_INFORMATION_FORMAT = dwarf;
				ENABLE_STRICT_OBJC_MSGSEND = YES;
				ENABLE_TESTABILITY = YES;
				GCC_C_LANGUAGE_STANDARD = gnu11;
				GCC_DYNAMIC_NO_PIC = NO;
				GCC_NO_COMMON_BLOCKS = YES;
				GCC_OPTIMIZATION_LEVEL = 0;
				GCC_PREPROCESSOR_DEFINITIONS = (
					"DEBUG=1",
					"$(inherited)",
				);
				GCC_WARN_64_TO_32_BIT_CONVERSION = YES;
				GCC_WARN_ABOUT_RETURN_TYPE = YES_ERROR;
				GCC_WARN_UNDECLARED_SELECTOR = YES;
				GCC_WARN_UNINITIALIZED_AUTOS = YES_AGGRESSIVE;
				GCC_WARN_UNUSED_FUNCTION = YES;
				GCC_WARN_UNUSED_VARIABLE = YES;
				IPHONEOS_DEPLOYMENT_TARGET = 12.2;
				MTL_ENABLE_DEBUG_INFO = INCLUDE_SOURCE;
				MTL_FAST_MATH = YES;
				ONLY_ACTIVE_ARCH = YES;
				SDKROOT = iphoneos;
				SWIFT_ACTIVE_COMPILATION_CONDITIONS = DEBUG;
				SWIFT_OPTIMIZATION_LEVEL = "-Onone";
			};
			name = Debug;
		};
		2DD4EA9023288C0700B11F90 /* Release */ = {
			isa = XCBuildConfiguration;
			buildSettings = {
				ALWAYS_SEARCH_USER_PATHS = NO;
				CLANG_ANALYZER_NONNULL = YES;
				CLANG_ANALYZER_NUMBER_OBJECT_CONVERSION = YES_AGGRESSIVE;
				CLANG_CXX_LANGUAGE_STANDARD = "gnu++14";
				CLANG_CXX_LIBRARY = "libc++";
				CLANG_ENABLE_MODULES = YES;
				CLANG_ENABLE_OBJC_ARC = YES;
				CLANG_ENABLE_OBJC_WEAK = YES;
				CLANG_WARN_BLOCK_CAPTURE_AUTORELEASING = YES;
				CLANG_WARN_BOOL_CONVERSION = YES;
				CLANG_WARN_COMMA = YES;
				CLANG_WARN_CONSTANT_CONVERSION = YES;
				CLANG_WARN_DEPRECATED_OBJC_IMPLEMENTATIONS = YES;
				CLANG_WARN_DIRECT_OBJC_ISA_USAGE = YES_ERROR;
				CLANG_WARN_DOCUMENTATION_COMMENTS = YES;
				CLANG_WARN_EMPTY_BODY = YES;
				CLANG_WARN_ENUM_CONVERSION = YES;
				CLANG_WARN_INFINITE_RECURSION = YES;
				CLANG_WARN_INT_CONVERSION = YES;
				CLANG_WARN_NON_LITERAL_NULL_CONVERSION = YES;
				CLANG_WARN_OBJC_IMPLICIT_RETAIN_SELF = YES;
				CLANG_WARN_OBJC_LITERAL_CONVERSION = YES;
				CLANG_WARN_OBJC_ROOT_CLASS = YES_ERROR;
				CLANG_WARN_RANGE_LOOP_ANALYSIS = YES;
				CLANG_WARN_STRICT_PROTOTYPES = YES;
				CLANG_WARN_SUSPICIOUS_MOVE = YES;
				CLANG_WARN_UNGUARDED_AVAILABILITY = YES_AGGRESSIVE;
				CLANG_WARN_UNREACHABLE_CODE = YES;
				CLANG_WARN__DUPLICATE_METHOD_MATCH = YES;
				CODE_SIGN_IDENTITY = "iPhone Developer";
				COPY_PHASE_STRIP = NO;
				DEBUG_INFORMATION_FORMAT = "dwarf-with-dsym";
				ENABLE_NS_ASSERTIONS = NO;
				ENABLE_STRICT_OBJC_MSGSEND = YES;
				GCC_C_LANGUAGE_STANDARD = gnu11;
				GCC_NO_COMMON_BLOCKS = YES;
				GCC_WARN_64_TO_32_BIT_CONVERSION = YES;
				GCC_WARN_ABOUT_RETURN_TYPE = YES_ERROR;
				GCC_WARN_UNDECLARED_SELECTOR = YES;
				GCC_WARN_UNINITIALIZED_AUTOS = YES_AGGRESSIVE;
				GCC_WARN_UNUSED_FUNCTION = YES;
				GCC_WARN_UNUSED_VARIABLE = YES;
				IPHONEOS_DEPLOYMENT_TARGET = 12.2;
				MTL_ENABLE_DEBUG_INFO = NO;
				MTL_FAST_MATH = YES;
				SDKROOT = iphoneos;
				SWIFT_COMPILATION_MODE = wholemodule;
				SWIFT_OPTIMIZATION_LEVEL = "-O";
				VALIDATE_PRODUCT = YES;
			};
			name = Release;
		};
		2DD4EA9223288C0700B11F90 /* Debug */ = {
			isa = XCBuildConfiguration;
			buildSettings = {
				ASSETCATALOG_COMPILER_APPICON_NAME = AppIcon;
				CODE_SIGN_STYLE = Automatic;
				DEVELOPMENT_TEAM = J82C364K42;
				INFOPLIST_FILE = ShopifyChallenge/Info.plist;
				LD_RUNPATH_SEARCH_PATHS = (
					"$(inherited)",
					"@executable_path/Frameworks",
				);
				PRODUCT_BUNDLE_IDENTIFIER = com.volodymyrklymenko.ShopifyChallenge;
				PRODUCT_NAME = "$(TARGET_NAME)";
				SWIFT_VERSION = 5.0;
				TARGETED_DEVICE_FAMILY = "1,2";
			};
			name = Debug;
		};
		2DD4EA9323288C0700B11F90 /* Release */ = {
			isa = XCBuildConfiguration;
			buildSettings = {
				ASSETCATALOG_COMPILER_APPICON_NAME = AppIcon;
				CODE_SIGN_STYLE = Automatic;
				DEVELOPMENT_TEAM = J82C364K42;
				INFOPLIST_FILE = ShopifyChallenge/Info.plist;
				LD_RUNPATH_SEARCH_PATHS = (
					"$(inherited)",
					"@executable_path/Frameworks",
				);
				PRODUCT_BUNDLE_IDENTIFIER = com.volodymyrklymenko.ShopifyChallenge;
				PRODUCT_NAME = "$(TARGET_NAME)";
				SWIFT_VERSION = 5.0;
				TARGETED_DEVICE_FAMILY = "1,2";
			};
			name = Release;
		};
/* End XCBuildConfiguration section */

/* Begin XCConfigurationList section */
		2DD4EA7723288C0500B11F90 /* Build configuration list for PBXProject "ShopifyChallenge" */ = {
			isa = XCConfigurationList;
			buildConfigurations = (
				2DD4EA8F23288C0700B11F90 /* Debug */,
				2DD4EA9023288C0700B11F90 /* Release */,
			);
			defaultConfigurationIsVisible = 0;
			defaultConfigurationName = Release;
		};
		2DD4EA9123288C0700B11F90 /* Build configuration list for PBXNativeTarget "ShopifyChallenge" */ = {
			isa = XCConfigurationList;
			buildConfigurations = (
				2DD4EA9223288C0700B11F90 /* Debug */,
				2DD4EA9323288C0700B11F90 /* Release */,
			);
			defaultConfigurationIsVisible = 0;
			defaultConfigurationName = Release;
		};
/* End XCConfigurationList section */

/* Begin XCVersionGroup section */
		2DD4EA8623288C0600B11F90 /* ShopifyChallenge.xcdatamodeld */ = {
			isa = XCVersionGroup;
			children = (
				2DD4EA8723288C0600B11F90 /* ShopifyChallenge.xcdatamodel */,
			);
			currentVersion = 2DD4EA8723288C0600B11F90 /* ShopifyChallenge.xcdatamodel */;
			path = ShopifyChallenge.xcdatamodeld;
			sourceTree = "<group>";
			versionGroupType = wrapper.xcdatamodel;
		};
/* End XCVersionGroup section */
	};
	rootObject = 2DD4EA7423288C0500B11F90 /* Project object */;
}
